// !$*UTF8*$!
{
	archiveVersion = 1;
	classes = {
	};
	objectVersion = 56;
	objects = {

/* Begin PBXBuildFile section */
		2E83350B2BB6B45700944373 /* AppDelegate.swift in Sources */ = {isa = PBXBuildFile; fileRef = 2E83350A2BB6B45700944373 /* AppDelegate.swift */; };
		2E83350D2BB6B45700944373 /* SceneDelegate.swift in Sources */ = {isa = PBXBuildFile; fileRef = 2E83350C2BB6B45700944373 /* SceneDelegate.swift */; };
		2E83350F2BB6B45700944373 /* ViewController.swift in Sources */ = {isa = PBXBuildFile; fileRef = 2E83350E2BB6B45700944373 /* ViewController.swift */; };
		2E8335122BB6B45700944373 /* Base in Resources */ = {isa = PBXBuildFile; fileRef = 2E8335112BB6B45700944373 /* Base */; };
		2E8335152BB6B45700944373 /* chilin_CheerUp.xcdatamodeld in Sources */ = {isa = PBXBuildFile; fileRef = 2E8335132BB6B45700944373 /* chilin_CheerUp.xcdatamodeld */; };
		2E8335172BB6B45900944373 /* Assets.xcassets in Resources */ = {isa = PBXBuildFile; fileRef = 2E8335162BB6B45900944373 /* Assets.xcassets */; };
		2E83351A2BB6B45900944373 /* Base in Resources */ = {isa = PBXBuildFile; fileRef = 2E8335192BB6B45900944373 /* Base */; };
		6A1E3DF72BB6D262000E766D /* YujinViewController.swift in Sources */ = {isa = PBXBuildFile; fileRef = 6A1E3DF62BB6D262000E766D /* YujinViewController.swift */; };
		7820FFAC2BB6CE2B00ED56B5 /* ahyeonVC.swift in Sources */ = {isa = PBXBuildFile; fileRef = 7820FFAB2BB6CE2B00ED56B5 /* ahyeonVC.swift */; };
/* End PBXBuildFile section */

/* Begin PBXFileReference section */
		2E8335072BB6B45700944373 /* chilin'CheerUp.app */ = {isa = PBXFileReference; explicitFileType = wrapper.application; includeInIndex = 0; path = "chilin'CheerUp.app"; sourceTree = BUILT_PRODUCTS_DIR; };
		2E83350A2BB6B45700944373 /* AppDelegate.swift */ = {isa = PBXFileReference; lastKnownFileType = sourcecode.swift; path = AppDelegate.swift; sourceTree = "<group>"; };
		2E83350C2BB6B45700944373 /* SceneDelegate.swift */ = {isa = PBXFileReference; lastKnownFileType = sourcecode.swift; path = SceneDelegate.swift; sourceTree = "<group>"; };
		2E83350E2BB6B45700944373 /* ViewController.swift */ = {isa = PBXFileReference; lastKnownFileType = sourcecode.swift; path = ViewController.swift; sourceTree = "<group>"; };
		2E8335112BB6B45700944373 /* Base */ = {isa = PBXFileReference; lastKnownFileType = file.storyboard; name = Base; path = Base.lproj/Main.storyboard; sourceTree = "<group>"; };
		2E8335142BB6B45700944373 /* chilin_CheerUp.xcdatamodel */ = {isa = PBXFileReference; lastKnownFileType = wrapper.xcdatamodel; path = chilin_CheerUp.xcdatamodel; sourceTree = "<group>"; };
		2E8335162BB6B45900944373 /* Assets.xcassets */ = {isa = PBXFileReference; lastKnownFileType = folder.assetcatalog; path = Assets.xcassets; sourceTree = "<group>"; };
		2E8335192BB6B45900944373 /* Base */ = {isa = PBXFileReference; lastKnownFileType = file.storyboard; name = Base; path = Base.lproj/LaunchScreen.storyboard; sourceTree = "<group>"; };
		2E83351B2BB6B45900944373 /* Info.plist */ = {isa = PBXFileReference; lastKnownFileType = text.plist.xml; path = Info.plist; sourceTree = "<group>"; };
		6A1E3DF62BB6D262000E766D /* YujinViewController.swift */ = {isa = PBXFileReference; lastKnownFileType = sourcecode.swift; name = YujinViewController.swift; path = "../../../../../../../Library/Mobile Documents/.Trash/chilin-cheerUp/chilin'CheerUp/chilin'CheerUp/YujinViewController.swift"; sourceTree = "<group>"; };
		7820FFAB2BB6CE2B00ED56B5 /* ahyeonVC.swift */ = {isa = PBXFileReference; lastKnownFileType = sourcecode.swift; path = ahyeonVC.swift; sourceTree = "<group>"; };
/* End PBXFileReference section */

/* Begin PBXFrameworksBuildPhase section */
		2E8335042BB6B45700944373 /* Frameworks */ = {
			isa = PBXFrameworksBuildPhase;
			buildActionMask = 2147483647;
			files = (
			);
			runOnlyForDeploymentPostprocessing = 0;
		};
/* End PBXFrameworksBuildPhase section */

/* Begin PBXGroup section */
		2E8334FE2BB6B45700944373 = {
			isa = PBXGroup;
			children = (
				2E8335092BB6B45700944373 /* chilin'CheerUp */,
				2E8335082BB6B45700944373 /* Products */,
			);
			sourceTree = "<group>";
		};
		2E8335082BB6B45700944373 /* Products */ = {
			isa = PBXGroup;
			children = (
				2E8335072BB6B45700944373 /* chilin'CheerUp.app */,
			);
			name = Products;
			sourceTree = "<group>";
		};
		2E8335092BB6B45700944373 /* chilin'CheerUp */ = {
			isa = PBXGroup;
			children = (
				7820FFAB2BB6CE2B00ED56B5 /* ahyeonVC.swift */,
				2E83350A2BB6B45700944373 /* AppDelegate.swift */,
				2E83350C2BB6B45700944373 /* SceneDelegate.swift */,
				2E83350E2BB6B45700944373 /* ViewController.swift */,
				6A1E3DF62BB6D262000E766D /* YujinViewController.swift */,
				2E8335102BB6B45700944373 /* Main.storyboard */,
				2E8335162BB6B45900944373 /* Assets.xcassets */,
				2E8335182BB6B45900944373 /* LaunchScreen.storyboard */,
				2E83351B2BB6B45900944373 /* Info.plist */,
				2E8335132BB6B45700944373 /* chilin_CheerUp.xcdatamodeld */,
			);
			path = "chilin'CheerUp";
			sourceTree = "<group>";
		};
/* End PBXGroup section */

/* Begin PBXNativeTarget section */
		2E8335062BB6B45700944373 /* chilin'CheerUp */ = {
			isa = PBXNativeTarget;
			buildConfigurationList = 2E83351E2BB6B45900944373 /* Build configuration list for PBXNativeTarget "chilin'CheerUp" */;
			buildPhases = (
				2E8335032BB6B45700944373 /* Sources */,
				2E8335042BB6B45700944373 /* Frameworks */,
				2E8335052BB6B45700944373 /* Resources */,
			);
			buildRules = (
			);
			dependencies = (
			);
			name = "chilin'CheerUp";
			productName = "chilin'CheerUp";
			productReference = 2E8335072BB6B45700944373 /* chilin'CheerUp.app */;
			productType = "com.apple.product-type.application";
		};
/* End PBXNativeTarget section */

/* Begin PBXProject section */
		2E8334FF2BB6B45700944373 /* Project object */ = {
			isa = PBXProject;
			attributes = {
				BuildIndependentTargetsInParallel = 1;
				LastSwiftUpdateCheck = 1530;
				LastUpgradeCheck = 1530;
				TargetAttributes = {
					2E8335062BB6B45700944373 = {
						CreatedOnToolsVersion = 15.3;
					};
				};
			};
			buildConfigurationList = 2E8335022BB6B45700944373 /* Build configuration list for PBXProject "chilin'CheerUp" */;
			compatibilityVersion = "Xcode 14.0";
			developmentRegion = en;
			hasScannedForEncodings = 0;
			knownRegions = (
				en,
				Base,
			);
			mainGroup = 2E8334FE2BB6B45700944373;
			productRefGroup = 2E8335082BB6B45700944373 /* Products */;
			projectDirPath = "";
			projectRoot = "";
			targets = (
				2E8335062BB6B45700944373 /* chilin'CheerUp */,
			);
		};
/* End PBXProject section */

/* Begin PBXResourcesBuildPhase section */
		2E8335052BB6B45700944373 /* Resources */ = {
			isa = PBXResourcesBuildPhase;
			buildActionMask = 2147483647;
			files = (
				2E8335172BB6B45900944373 /* Assets.xcassets in Resources */,
				2E83351A2BB6B45900944373 /* Base in Resources */,
				2E8335122BB6B45700944373 /* Base in Resources */,
			);
			runOnlyForDeploymentPostprocessing = 0;
		};
/* End PBXResourcesBuildPhase section */

/* Begin PBXSourcesBuildPhase section */
		2E8335032BB6B45700944373 /* Sources */ = {
			isa = PBXSourcesBuildPhase;
			buildActionMask = 2147483647;
			files = (
				7820FFAC2BB6CE2B00ED56B5 /* ahyeonVC.swift in Sources */,
				2E83350F2BB6B45700944373 /* ViewController.swift in Sources */,
				2E8335152BB6B45700944373 /* chilin_CheerUp.xcdatamodeld in Sources */,
				6A1E3DF72BB6D262000E766D /* YujinViewController.swift in Sources */,
				2E83350B2BB6B45700944373 /* AppDelegate.swift in Sources */,
				2E83350D2BB6B45700944373 /* SceneDelegate.swift in Sources */,
			);
			runOnlyForDeploymentPostprocessing = 0;
		};
/* End PBXSourcesBuildPhase section */

/* Begin PBXVariantGroup section */
		2E8335102BB6B45700944373 /* Main.storyboard */ = {
			isa = PBXVariantGroup;
			children = (
				2E8335112BB6B45700944373 /* Base */,
			);
			name = Main.storyboard;
			sourceTree = "<group>";
		};
		2E8335182BB6B45900944373 /* LaunchScreen.storyboard */ = {
			isa = PBXVariantGroup;
			children = (
				2E8335192BB6B45900944373 /* Base */,
			);
			name = LaunchScreen.storyboard;
			sourceTree = "<group>";
		};
/* End PBXVariantGroup section */

/* Begin XCBuildConfiguration section */
		2E83351C2BB6B45900944373 /* Debug */ = {
			isa = XCBuildConfiguration;
			buildSettings = {
				ALWAYS_SEARCH_USER_PATHS = NO;
				ASSETCATALOG_COMPILER_GENERATE_SWIFT_ASSET_SYMBOL_EXTENSIONS = YES;
				CLANG_ANALYZER_NONNULL = YES;
				CLANG_ANALYZER_NUMBER_OBJECT_CONVERSION = YES_AGGRESSIVE;
				CLANG_CXX_LANGUAGE_STANDARD = "gnu++20";
				CLANG_ENABLE_MODULES = YES;
				CLANG_ENABLE_OBJC_ARC = YES;
				CLANG_ENABLE_OBJC_WEAK = YES;
				CLANG_WARN_BLOCK_CAPTURE_AUTORELEASING = YES;
				CLANG_WARN_BOOL_CONVERSION = YES;
				CLANG_WARN_COMMA = YES;
				CLANG_WARN_CONSTANT_CONVERSION = YES;
				CLANG_WARN_DEPRECATED_OBJC_IMPLEMENTATIONS = YES;
				CLANG_WARN_DIRECT_OBJC_ISA_USAGE = YES_ERROR;
				CLANG_WARN_DOCUMENTATION_COMMENTS = YES;
				CLANG_WARN_EMPTY_BODY = YES;
				CLANG_WARN_ENUM_CONVERSION = YES;
				CLANG_WARN_INFINITE_RECURSION = YES;
				CLANG_WARN_INT_CONVERSION = YES;
				CLANG_WARN_NON_LITERAL_NULL_CONVERSION = YES;
				CLANG_WARN_OBJC_IMPLICIT_RETAIN_SELF = YES;
				CLANG_WARN_OBJC_LITERAL_CONVERSION = YES;
				CLANG_WARN_OBJC_ROOT_CLASS = YES_ERROR;
				CLANG_WARN_QUOTED_INCLUDE_IN_FRAMEWORK_HEADER = YES;
				CLANG_WARN_RANGE_LOOP_ANALYSIS = YES;
				CLANG_WARN_STRICT_PROTOTYPES = YES;
				CLANG_WARN_SUSPICIOUS_MOVE = YES;
				CLANG_WARN_UNGUARDED_AVAILABILITY = YES_AGGRESSIVE;
				CLANG_WARN_UNREACHABLE_CODE = YES;
				CLANG_WARN__DUPLICATE_METHOD_MATCH = YES;
				COPY_PHASE_STRIP = NO;
				DEBUG_INFORMATION_FORMAT = dwarf;
				ENABLE_STRICT_OBJC_MSGSEND = YES;
				ENABLE_TESTABILITY = YES;
				ENABLE_USER_SCRIPT_SANDBOXING = YES;
				GCC_C_LANGUAGE_STANDARD = gnu17;
				GCC_DYNAMIC_NO_PIC = NO;
				GCC_NO_COMMON_BLOCKS = YES;
				GCC_OPTIMIZATION_LEVEL = 0;
				GCC_PREPROCESSOR_DEFINITIONS = (
					"DEBUG=1",
					"$(inherited)",
				);
				GCC_WARN_64_TO_32_BIT_CONVERSION = YES;
				GCC_WARN_ABOUT_RETURN_TYPE = YES_ERROR;
				GCC_WARN_UNDECLARED_SELECTOR = YES;
				GCC_WARN_UNINITIALIZED_AUTOS = YES_AGGRESSIVE;
				GCC_WARN_UNUSED_FUNCTION = YES;
				GCC_WARN_UNUSED_VARIABLE = YES;
				IPHONEOS_DEPLOYMENT_TARGET = 17.4;
				LOCALIZATION_PREFERS_STRING_CATALOGS = YES;
				MTL_ENABLE_DEBUG_INFO = INCLUDE_SOURCE;
				MTL_FAST_MATH = YES;
				ONLY_ACTIVE_ARCH = YES;
				SDKROOT = iphoneos;
				SWIFT_ACTIVE_COMPILATION_CONDITIONS = "DEBUG $(inherited)";
				SWIFT_OPTIMIZATION_LEVEL = "-Onone";
			};
			name = Debug;
		};
		2E83351D2BB6B45900944373 /* Release */ = {
			isa = XCBuildConfiguration;
			buildSettings = {
				ALWAYS_SEARCH_USER_PATHS = NO;
				ASSETCATALOG_COMPILER_GENERATE_SWIFT_ASSET_SYMBOL_EXTENSIONS = YES;
				CLANG_ANALYZER_NONNULL = YES;
				CLANG_ANALYZER_NUMBER_OBJECT_CONVERSION = YES_AGGRESSIVE;
				CLANG_CXX_LANGUAGE_STANDARD = "gnu++20";
				CLANG_ENABLE_MODULES = YES;
				CLANG_ENABLE_OBJC_ARC = YES;
				CLANG_ENABLE_OBJC_WEAK = YES;
				CLANG_WARN_BLOCK_CAPTURE_AUTORELEASING = YES;
				CLANG_WARN_BOOL_CONVERSION = YES;
				CLANG_WARN_COMMA = YES;
				CLANG_WARN_CONSTANT_CONVERSION = YES;
				CLANG_WARN_DEPRECATED_OBJC_IMPLEMENTATIONS = YES;
				CLANG_WARN_DIRECT_OBJC_ISA_USAGE = YES_ERROR;
				CLANG_WARN_DOCUMENTATION_COMMENTS = YES;
				CLANG_WARN_EMPTY_BODY = YES;
				CLANG_WARN_ENUM_CONVERSION = YES;
				CLANG_WARN_INFINITE_RECURSION = YES;
				CLANG_WARN_INT_CONVERSION = YES;
				CLANG_WARN_NON_LITERAL_NULL_CONVERSION = YES;
				CLANG_WARN_OBJC_IMPLICIT_RETAIN_SELF = YES;
				CLANG_WARN_OBJC_LITERAL_CONVERSION = YES;
				CLANG_WARN_OBJC_ROOT_CLASS = YES_ERROR;
				CLANG_WARN_QUOTED_INCLUDE_IN_FRAMEWORK_HEADER = YES;
				CLANG_WARN_RANGE_LOOP_ANALYSIS = YES;
				CLANG_WARN_STRICT_PROTOTYPES = YES;
				CLANG_WARN_SUSPICIOUS_MOVE = YES;
				CLANG_WARN_UNGUARDED_AVAILABILITY = YES_AGGRESSIVE;
				CLANG_WARN_UNREACHABLE_CODE = YES;
				CLANG_WARN__DUPLICATE_METHOD_MATCH = YES;
				COPY_PHASE_STRIP = NO;
				DEBUG_INFORMATION_FORMAT = "dwarf-with-dsym";
				ENABLE_NS_ASSERTIONS = NO;
				ENABLE_STRICT_OBJC_MSGSEND = YES;
				ENABLE_USER_SCRIPT_SANDBOXING = YES;
				GCC_C_LANGUAGE_STANDARD = gnu17;
				GCC_NO_COMMON_BLOCKS = YES;
				GCC_WARN_64_TO_32_BIT_CONVERSION = YES;
				GCC_WARN_ABOUT_RETURN_TYPE = YES_ERROR;
				GCC_WARN_UNDECLARED_SELECTOR = YES;
				GCC_WARN_UNINITIALIZED_AUTOS = YES_AGGRESSIVE;
				GCC_WARN_UNUSED_FUNCTION = YES;
				GCC_WARN_UNUSED_VARIABLE = YES;
				IPHONEOS_DEPLOYMENT_TARGET = 17.4;
				LOCALIZATION_PREFERS_STRING_CATALOGS = YES;
				MTL_ENABLE_DEBUG_INFO = NO;
				MTL_FAST_MATH = YES;
				SDKROOT = iphoneos;
				SWIFT_COMPILATION_MODE = wholemodule;
				VALIDATE_PRODUCT = YES;
			};
			name = Release;
		};
		2E83351F2BB6B45900944373 /* Debug */ = {
			isa = XCBuildConfiguration;
			buildSettings = {
				ASSETCATALOG_COMPILER_APPICON_NAME = AppIcon;
				ASSETCATALOG_COMPILER_GLOBAL_ACCENT_COLOR_NAME = AccentColor;
				CODE_SIGN_STYLE = Automatic;
				CURRENT_PROJECT_VERSION = 1;
				DEVELOPMENT_TEAM = 79LSKHWYJ8;
				GENERATE_INFOPLIST_FILE = YES;
				INFOPLIST_FILE = "chilin'CheerUp/Info.plist";
				INFOPLIST_KEY_UIApplicationSupportsIndirectInputEvents = YES;
				INFOPLIST_KEY_UILaunchStoryboardName = LaunchScreen;
				INFOPLIST_KEY_UIMainStoryboardFile = Main;
				INFOPLIST_KEY_UISupportedInterfaceOrientations_iPad = "UIInterfaceOrientationPortrait UIInterfaceOrientationPortraitUpsideDown UIInterfaceOrientationLandscapeLeft UIInterfaceOrientationLandscapeRight";
				INFOPLIST_KEY_UISupportedInterfaceOrientations_iPhone = "UIInterfaceOrientationPortrait UIInterfaceOrientationLandscapeLeft UIInterfaceOrientationLandscapeRight";
				LD_RUNPATH_SEARCH_PATHS = (
					"$(inherited)",
					"@executable_path/Frameworks",
				);
				MARKETING_VERSION = 1.0;
				PRODUCT_BUNDLE_IDENTIFIER = "com.chilin.chilin-CheerUp";
				PRODUCT_NAME = "$(TARGET_NAME)";
				SUPPORTED_PLATFORMS = "iphoneos iphonesimulator";
				SUPPORTS_MACCATALYST = NO;
				SUPPORTS_MAC_DESIGNED_FOR_IPHONE_IPAD = NO;
				SUPPORTS_XR_DESIGNED_FOR_IPHONE_IPAD = NO;
				SWIFT_EMIT_LOC_STRINGS = YES;
				SWIFT_VERSION = 5.0;
				TARGETED_DEVICE_FAMILY = 1;
			};
			name = Debug;
		};
		2E8335202BB6B45900944373 /* Release */ = {
			isa = XCBuildConfiguration;
			buildSettings = {
				ASSETCATALOG_COMPILER_APPICON_NAME = AppIcon;
				ASSETCATALOG_COMPILER_GLOBAL_ACCENT_COLOR_NAME = AccentColor;
				CODE_SIGN_STYLE = Automatic;
				CURRENT_PROJECT_VERSION = 1;
				DEVELOPMENT_TEAM = 79LSKHWYJ8;
				GENERATE_INFOPLIST_FILE = YES;
				INFOPLIST_FILE = "chilin'CheerUp/Info.plist";
				INFOPLIST_KEY_UIApplicationSupportsIndirectInputEvents = YES;
				INFOPLIST_KEY_UILaunchStoryboardName = LaunchScreen;
				INFOPLIST_KEY_UIMainStoryboardFile = Main;
				INFOPLIST_KEY_UISupportedInterfaceOrientations_iPad = "UIInterfaceOrientationPortrait UIInterfaceOrientationPortraitUpsideDown UIInterfaceOrientationLandscapeLeft UIInterfaceOrientationLandscapeRight";
				INFOPLIST_KEY_UISupportedInterfaceOrientations_iPhone = "UIInterfaceOrientationPortrait UIInterfaceOrientationLandscapeLeft UIInterfaceOrientationLandscapeRight";
				LD_RUNPATH_SEARCH_PATHS = (
					"$(inherited)",
					"@executable_path/Frameworks",
				);
				MARKETING_VERSION = 1.0;
				PRODUCT_BUNDLE_IDENTIFIER = "com.chilin.chilin-CheerUp";
				PRODUCT_NAME = "$(TARGET_NAME)";
				SUPPORTED_PLATFORMS = "iphoneos iphonesimulator";
				SUPPORTS_MACCATALYST = NO;
				SUPPORTS_MAC_DESIGNED_FOR_IPHONE_IPAD = NO;
				SUPPORTS_XR_DESIGNED_FOR_IPHONE_IPAD = NO;
				SWIFT_EMIT_LOC_STRINGS = YES;
				SWIFT_VERSION = 5.0;
				TARGETED_DEVICE_FAMILY = 1;
			};
			name = Release;
		};
/* End XCBuildConfiguration section */

/* Begin XCConfigurationList section */
		2E8335022BB6B45700944373 /* Build configuration list for PBXProject "chilin'CheerUp" */ = {
			isa = XCConfigurationList;
			buildConfigurations = (
				2E83351C2BB6B45900944373 /* Debug */,
				2E83351D2BB6B45900944373 /* Release */,
			);
			defaultConfigurationIsVisible = 0;
			defaultConfigurationName = Release;
		};
		2E83351E2BB6B45900944373 /* Build configuration list for PBXNativeTarget "chilin'CheerUp" */ = {
			isa = XCConfigurationList;
			buildConfigurations = (
				2E83351F2BB6B45900944373 /* Debug */,
				2E8335202BB6B45900944373 /* Release */,
			);
			defaultConfigurationIsVisible = 0;
			defaultConfigurationName = Release;
		};
/* End XCConfigurationList section */

/* Begin XCVersionGroup section */
		2E8335132BB6B45700944373 /* chilin_CheerUp.xcdatamodeld */ = {
			isa = XCVersionGroup;
			children = (
				2E8335142BB6B45700944373 /* chilin_CheerUp.xcdatamodel */,
			);
			currentVersion = 2E8335142BB6B45700944373 /* chilin_CheerUp.xcdatamodel */;
			path = chilin_CheerUp.xcdatamodeld;
			sourceTree = "<group>";
			versionGroupType = wrapper.xcdatamodel;
		};
/* End XCVersionGroup section */
	};
	rootObject = 2E8334FF2BB6B45700944373 /* Project object */;
}
